
Microsoft Visual Studio Solution File, Format Version 12.00
# Visual Studio 14
VisualStudioVersion = 14.0.25123.0
MinimumVisualStudioVersion = 10.0.40219.1
Project("{FAE04EC0-301F-11D3-BF4B-00C04F79EFBC}") = "01.TRES4Numbers", "TRES4Numbers\01.TRES4Numbers.csproj", "{A96A4191-BAB1-43A3-B25D-D14BECEED95A}"
EndProject
Project("{FAE04EC0-301F-11D3-BF4B-00C04F79EFBC}") = "02.BunnyFactory", "BunnyFactory\02.BunnyFactory.csproj", "{7AA31A0D-364D-4885-AAE2-EAF3C4C8E58C}"
EndProject
Project("{FAE04EC0-301F-11D3-BF4B-00C04F79EFBC}") = "03.Patterns", "Patterns\03.Patterns.csproj", "{7CA4CACE-8C5C-42C8-8EA8-FEA350966F5A}"
EndProject
Project("{FAE04EC0-301F-11D3-BF4B-00C04F79EFBC}") = "TEST-01", "TEST\TEST-01.csproj", "{3D4FEEDB-6F3E-4F09-B734-3422C8AADF83}"
EndProject
Project("{FAE04EC0-301F-11D3-BF4B-00C04F79EFBC}") = "StrangeLandNumbers-test", "StrangeLandNumbers-test\StrangeLandNumbers-test.csproj", "{17578F1C-356C-4448-842E-F0F2B30464EF}"
EndProject
Global
	GlobalSection(SolutionConfigurationPlatforms) = preSolution
		Debug|Any CPU = Debug|Any CPU
		Release|Any CPU = Release|Any CPU
	EndGlobalSection
	GlobalSection(ProjectConfigurationPlatforms) = postSolution
		{A96A4191-BAB1-43A3-B25D-D14BECEED95A}.Debug|Any CPU.ActiveCfg = Debug|Any CPU
		{A96A4191-BAB1-43A3-B25D-D14BECEED95A}.Debug|Any CPU.Build.0 = Debug|Any CPU
		{A96A4191-BAB1-43A3-B25D-D14BECEED95A}.Release|Any CPU.ActiveCfg = Release|Any CPU
		{A96A4191-BAB1-43A3-B25D-D14BECEED95A}.Release|Any CPU.Build.0 = Release|Any CPU
		{7AA31A0D-364D-4885-AAE2-EAF3C4C8E58C}.Debug|Any CPU.ActiveCfg = Debug|Any CPU
		{7AA31A0D-364D-4885-AAE2-EAF3C4C8E58C}.Debug|Any CPU.Build.0 = Debug|Any CPU
		{7AA31A0D-364D-4885-AAE2-EAF3C4C8E58C}.Release|Any CPU.ActiveCfg = Release|Any CPU
		{7AA31A0D-364D-4885-AAE2-EAF3C4C8E58C}.Release|Any CPU.Build.0 = Release|Any CPU
		{7CA4CACE-8C5C-42C8-8EA8-FEA350966F5A}.Debug|Any CPU.ActiveCfg = Debug|Any CPU
		{7CA4CACE-8C5C-42C8-8EA8-FEA350966F5A}.Debug|Any CPU.Build.0 = Debug|Any CPU
		{7CA4CACE-8C5C-42C8-8EA8-FEA350966F5A}.Release|Any CPU.ActiveCfg = Release|Any CPU
		{7CA4CACE-8C5C-42C8-8EA8-FEA350966F5A}.Release|Any CPU.Build.0 = Release|Any CPU
		{3D4FEEDB-6F3E-4F09-B734-3422C8AADF83}.Debug|Any CPU.ActiveCfg = Debug|Any CPU
		{3D4FEEDB-6F3E-4F09-B734-3422C8AADF83}.Debug|Any CPU.Build.0 = Debug|Any CPU
		{3D4FEEDB-6F3E-4F09-B734-3422C8AADF83}.Release|Any CPU.ActiveCfg = Release|Any CPU
		{3D4FEEDB-6F3E-4F09-B734-3422C8AADF83}.Release|Any CPU.Build.0 = Release|Any CPU
		{17578F1C-356C-4448-842E-F0F2B30464EF}.Debug|Any CPU.ActiveCfg = Debug|Any CPU
		{17578F1C-356C-4448-842E-F0F2B30464EF}.Debug|Any CPU.Build.0 = Debug|Any CPU
		{17578F1C-356C-4448-842E-F0F2B30464EF}.Release|Any CPU.ActiveCfg = Release|Any CPU
		{17578F1C-356C-4448-842E-F0F2B30464EF}.Release|Any CPU.Build.0 = Release|Any CPU
	EndGlobalSection
	GlobalSection(SolutionProperties) = preSolution
		HideSolutionNode = FALSE
	EndGlobalSection
EndGlobal
