
Microsoft Visual Studio Solution File, Format Version 12.00
# Visual Studio 14
VisualStudioVersion = 14.0.25123.0
MinimumVisualStudioVersion = 10.0.40219.1
Project("{FAE04EC0-301F-11D3-BF4B-00C04F79EFBC}") = "01.SquareRoot", "SquareRoot\01.SquareRoot.csproj", "{8BEE466C-32BD-49FF-A9AF-B4605B9229D9}"
EndProject
Project("{FAE04EC0-301F-11D3-BF4B-00C04F79EFBC}") = "02.EnterNumbers", "EnterNumbers\02.EnterNumbers.csproj", "{4C2C7816-D09F-46ED-A30D-5509D37DFB40}"
EndProject
Project("{FAE04EC0-301F-11D3-BF4B-00C04F79EFBC}") = "03.ReadFileContents", "ReadFileContents\03.ReadFileContents.csproj", "{4BBF99B5-3902-427D-9CD4-1CB1FB655FF3}"
EndProject
Project("{FAE04EC0-301F-11D3-BF4B-00C04F79EFBC}") = "04.DownloadFile", "DownloadFile\04.DownloadFile.csproj", "{46B78E54-D667-4B23-9E7A-AE46DAA346E6}"
EndProject
Global
	GlobalSection(SolutionConfigurationPlatforms) = preSolution
		Debug|Any CPU = Debug|Any CPU
		Release|Any CPU = Release|Any CPU
	EndGlobalSection
	GlobalSection(ProjectConfigurationPlatforms) = postSolution
		{8BEE466C-32BD-49FF-A9AF-B4605B9229D9}.Debug|Any CPU.ActiveCfg = Debug|Any CPU
		{8BEE466C-32BD-49FF-A9AF-B4605B9229D9}.Debug|Any CPU.Build.0 = Debug|Any CPU
		{8BEE466C-32BD-49FF-A9AF-B4605B9229D9}.Release|Any CPU.ActiveCfg = Release|Any CPU
		{8BEE466C-32BD-49FF-A9AF-B4605B9229D9}.Release|Any CPU.Build.0 = Release|Any CPU
		{4C2C7816-D09F-46ED-A30D-5509D37DFB40}.Debug|Any CPU.ActiveCfg = Debug|Any CPU
		{4C2C7816-D09F-46ED-A30D-5509D37DFB40}.Debug|Any CPU.Build.0 = Debug|Any CPU
		{4C2C7816-D09F-46ED-A30D-5509D37DFB40}.Release|Any CPU.ActiveCfg = Release|Any CPU
		{4C2C7816-D09F-46ED-A30D-5509D37DFB40}.Release|Any CPU.Build.0 = Release|Any CPU
		{4BBF99B5-3902-427D-9CD4-1CB1FB655FF3}.Debug|Any CPU.ActiveCfg = Debug|Any CPU
		{4BBF99B5-3902-427D-9CD4-1CB1FB655FF3}.Debug|Any CPU.Build.0 = Debug|Any CPU
		{4BBF99B5-3902-427D-9CD4-1CB1FB655FF3}.Release|Any CPU.ActiveCfg = Release|Any CPU
		{4BBF99B5-3902-427D-9CD4-1CB1FB655FF3}.Release|Any CPU.Build.0 = Release|Any CPU
		{46B78E54-D667-4B23-9E7A-AE46DAA346E6}.Debug|Any CPU.ActiveCfg = Debug|Any CPU
		{46B78E54-D667-4B23-9E7A-AE46DAA346E6}.Debug|Any CPU.Build.0 = Debug|Any CPU
		{46B78E54-D667-4B23-9E7A-AE46DAA346E6}.Release|Any CPU.ActiveCfg = Release|Any CPU
		{46B78E54-D667-4B23-9E7A-AE46DAA346E6}.Release|Any CPU.Build.0 = Release|Any CPU
	EndGlobalSection
	GlobalSection(SolutionProperties) = preSolution
		HideSolutionNode = FALSE
	EndGlobalSection
EndGlobal
